
Microsoft Visual Studio Solution File, Format Version 12.00
Project("{FAE04EC0-301F-11D3-BF4B-00C04F79EFBC}") = "Data Center", "Data Center\Data Center.csproj", "{80F2DA65-ACF5-49A0-B30A-E16630F4247D}"
EndProject
Project("{FAE04EC0-301F-11D3-BF4B-00C04F79EFBC}") = "DataCenter.FileManagementService", "DataCenter.FileManagementService\DataCenter.FileManagementService.csproj", "{817BEEBF-5D55-4819-847A-E46CFE5A6976}"
EndProject
Project("{FAE04EC0-301F-11D3-BF4B-00C04F79EFBC}") = "StorageService", "StorageService\StorageService.csproj", "{5AAB8433-9CA3-4CDD-AEC3-A97F4A375F99}"
EndProject
Project("{FAE04EC0-301F-11D3-BF4B-00C04F79EFBC}") = "DataCenter.Mapping", "DataCenter.Mapping\DataCenter.Mapping.csproj", "{834E4AE3-A610-4F38-8910-138BC46D170A}"
EndProject
Global
	GlobalSection(SolutionConfigurationPlatforms) = preSolution
		Debug|Any CPU = Debug|Any CPU
		Release|Any CPU = Release|Any CPU
	EndGlobalSection
	GlobalSection(ProjectConfigurationPlatforms) = postSolution
		{80F2DA65-ACF5-49A0-B30A-E16630F4247D}.Debug|Any CPU.ActiveCfg = Debug|Any CPU
		{80F2DA65-ACF5-49A0-B30A-E16630F4247D}.Debug|Any CPU.Build.0 = Debug|Any CPU
		{80F2DA65-ACF5-49A0-B30A-E16630F4247D}.Release|Any CPU.ActiveCfg = Release|Any CPU
		{80F2DA65-ACF5-49A0-B30A-E16630F4247D}.Release|Any CPU.Build.0 = Release|Any CPU
		{817BEEBF-5D55-4819-847A-E46CFE5A6976}.Debug|Any CPU.ActiveCfg = Debug|Any CPU
		{817BEEBF-5D55-4819-847A-E46CFE5A6976}.Debug|Any CPU.Build.0 = Debug|Any CPU
		{817BEEBF-5D55-4819-847A-E46CFE5A6976}.Release|Any CPU.ActiveCfg = Release|Any CPU
		{817BEEBF-5D55-4819-847A-E46CFE5A6976}.Release|Any CPU.Build.0 = Release|Any CPU
		{5AAB8433-9CA3-4CDD-AEC3-A97F4A375F99}.Debug|Any CPU.ActiveCfg = Debug|Any CPU
		{5AAB8433-9CA3-4CDD-AEC3-A97F4A375F99}.Debug|Any CPU.Build.0 = Debug|Any CPU
		{5AAB8433-9CA3-4CDD-AEC3-A97F4A375F99}.Release|Any CPU.ActiveCfg = Release|Any CPU
		{5AAB8433-9CA3-4CDD-AEC3-A97F4A375F99}.Release|Any CPU.Build.0 = Release|Any CPU
		{834E4AE3-A610-4F38-8910-138BC46D170A}.Debug|Any CPU.ActiveCfg = Debug|Any CPU
		{834E4AE3-A610-4F38-8910-138BC46D170A}.Debug|Any CPU.Build.0 = Debug|Any CPU
		{834E4AE3-A610-4F38-8910-138BC46D170A}.Release|Any CPU.ActiveCfg = Release|Any CPU
		{834E4AE3-A610-4F38-8910-138BC46D170A}.Release|Any CPU.Build.0 = Release|Any CPU
	EndGlobalSection
EndGlobal
