
Microsoft Visual Studio Solution File, Format Version 12.00
Project("{FAE04EC0-301F-11D3-BF4B-00C04F79EFBC}") = "Data Center", "Data Center\Data Center.csproj", "{80F2DA65-ACF5-49A0-B30A-E16630F4247D}"
EndProject
Global
	GlobalSection(SolutionConfigurationPlatforms) = preSolution
		Debug|Any CPU = Debug|Any CPU
		Release|Any CPU = Release|Any CPU
	EndGlobalSection
	GlobalSection(ProjectConfigurationPlatforms) = postSolution
		{80F2DA65-ACF5-49A0-B30A-E16630F4247D}.Debug|Any CPU.ActiveCfg = Debug|Any CPU
		{80F2DA65-ACF5-49A0-B30A-E16630F4247D}.Debug|Any CPU.Build.0 = Debug|Any CPU
		{80F2DA65-ACF5-49A0-B30A-E16630F4247D}.Release|Any CPU.ActiveCfg = Release|Any CPU
		{80F2DA65-ACF5-49A0-B30A-E16630F4247D}.Release|Any CPU.Build.0 = Release|Any CPU
	EndGlobalSection
EndGlobal
